{
  "version": 4,
  "terraform_version": "1.7.4",
  "serial": 8,
  "lineage": "0032fd7b-514b-1fb4-af62-d64867b51cea",
  "outputs": {},
  "resources": [
    {
      "mode": "managed",
      "type": "local_file",
      "name": "example",
      "provider": "provider[\"registry.terraform.io/hashicorp/local\"]",
      "instances": [
        {
          "schema_version": 0,
          "attributes": {
            "content": "aadassdf",
            "content_base64": null,
            "content_base64sha256": "+5eCwlfVSK/WgDeY0qi+aj95RUG8xj9N2zw84tPAbBU=",
            "content_base64sha512": "X8iJvf5i1LXQqZdt1I+ZO0e+TRk9/MnhnRn1y848WeLm1s7/Pk+OM76FRGmxJ1yF9wJlBIpuPiIs4qjaHvw9hQ==",
            "content_md5": "f4edeeb3dc9345bee69e9171424fcaf1",
            "content_sha1": "6065e4f82924348db3ec895e4eb36c9e30e8a255",
            "content_sha256": "fb9782c257d548afd6803798d2a8be6a3f794541bcc63f4ddb3c3ce2d3c06c15",
            "content_sha512": "5fc889bdfe62d4b5d0a9976dd48f993b47be4d193dfcc9e19d19f5cbce3c59e2e6d6ceff3e4f8e33be854469b1275c85f70265048a6e3e222ce2a8da1efc3d85",
            "directory_permission": "0777",
            "file_permission": "0777",
            "filename": "./example.txt",
            "id": "6065e4f82924348db3ec895e4eb36c9e30e8a255",
            "sensitive_content": null,
            "source": null
          },
          "sensitive_attributes": []
        }
      ]
    }
  ],
  "check_results": null
}
